{
  "originHash" : "164f26a1c203ebfceae8327530e2513252e0e3303408dfe94cfb6a8ac235a501",
  "pins" : [
    {
      "identity" : "tunakit",
      "kind" : "remoteSourceControl",
      "location" : "https://github.com/tunaformac/TunaKit",
      "state" : {
        "revision" : "1d7252045eb2e01ac69222c8090eca47853977d1",
        "version" : "1.16.1"
      }
    }
  ],
  "version" : 3
}
