{
  "originHash" : "164f26a1c203ebfceae8327530e2513252e0e3303408dfe94cfb6a8ac235a501",
  "pins" : [
    {
      "identity" : "tunakit",
      "kind" : "remoteSourceControl",
      "location" : "https://github.com/tunaformac/TunaKit",
      "state" : {
        "revision" : "f601e0096b856aac3d8896187f3a433e97da6649",
        "version" : "1.22.0"
      }
    }
  ],
  "version" : 3
}
