{
  "originHash" : "164f26a1c203ebfceae8327530e2513252e0e3303408dfe94cfb6a8ac235a501",
  "pins" : [
    {
      "identity" : "tunakit",
      "kind" : "remoteSourceControl",
      "location" : "https://github.com/tunaformac/TunaKit",
      "state" : {
        "revision" : "f978b936efeac60f5417a0c2a22ca0ae09e25268",
        "version" : "1.19.0"
      }
    }
  ],
  "version" : 3
}
