{
  "originHash" : "164f26a1c203ebfceae8327530e2513252e0e3303408dfe94cfb6a8ac235a501",
  "pins" : [
    {
      "identity" : "tunakit",
      "kind" : "remoteSourceControl",
      "location" : "https://github.com/tunaformac/TunaKit",
      "state" : {
        "revision" : "fb3dd17230edceb225ee6c7da7f4749c2a0e4616",
        "version" : "1.13.0"
      }
    }
  ],
  "version" : 3
}
