{
  "originHash" : "164f26a1c203ebfceae8327530e2513252e0e3303408dfe94cfb6a8ac235a501",
  "pins" : [
    {
      "identity" : "tunakit",
      "kind" : "remoteSourceControl",
      "location" : "https://github.com/tunaformac/TunaKit",
      "state" : {
        "revision" : "5dbb0461b82f60d9306c8c09cc7d8b7bde7cc0a7",
        "version" : "1.17.0"
      }
    }
  ],
  "version" : 3
}
