// !$*UTF8*$!
{
	archiveVersion = 1;
	classes = {
	};
	objectVersion = 60;
	objects = {

/* Begin PBXBuildFile section */
		A10000010000000000000001 /* ArenaExtension.swift in Sources */ = {isa = PBXBuildFile; fileRef = A10000020000000000000001 /* ArenaExtension.swift */; };
		A10000210000000000000001 /* ArenaAPIClient.swift in Sources */ = {isa = PBXBuildFile; fileRef = A10000220000000000000001 /* ArenaAPIClient.swift */; };
		A10000230000000000000001 /* ArenaCatalogSupport.swift in Sources */ = {isa = PBXBuildFile; fileRef = A10000240000000000000001 /* ArenaCatalogSupport.swift */; };
		A10000250000000000000001 /* ArenaCatalog.swift in Sources */ = {isa = PBXBuildFile; fileRef = A10000260000000000000001 /* ArenaCatalog.swift */; };
		A10000270000000000000001 /* ArenaActionsCatalog.swift in Sources */ = {isa = PBXBuildFile; fileRef = A10000280000000000000001 /* ArenaActionsCatalog.swift */; };
/* End PBXBuildFile section */

/* Begin PBXFileReference section */
		A10000020000000000000001 /* ArenaExtension.swift */ = {isa = PBXFileReference; lastKnownFileType = sourcecode.swift; path = ArenaExtension.swift; sourceTree = "<group>"; };
		A10000030000000000000001 /* Info.plist */ = {isa = PBXFileReference; lastKnownFileType = text.plist.xml; path = Info.plist; sourceTree = "<group>"; };
		A10000040000000000000001 /* ArenaExtension.framework */ = {isa = PBXFileReference; explicitFileType = wrapper.framework; includeInIndex = 0; path = ArenaExtension.framework; sourceTree = BUILT_PRODUCTS_DIR; };
		A10000220000000000000001 /* ArenaAPIClient.swift */ = {isa = PBXFileReference; lastKnownFileType = sourcecode.swift; path = ArenaAPIClient.swift; sourceTree = "<group>"; };
		A10000240000000000000001 /* ArenaCatalogSupport.swift */ = {isa = PBXFileReference; lastKnownFileType = sourcecode.swift; path = ArenaCatalogSupport.swift; sourceTree = "<group>"; };
		A10000260000000000000001 /* ArenaCatalog.swift */ = {isa = PBXFileReference; lastKnownFileType = sourcecode.swift; path = ArenaCatalog.swift; sourceTree = "<group>"; };
		A10000280000000000000001 /* ArenaActionsCatalog.swift */ = {isa = PBXFileReference; lastKnownFileType = sourcecode.swift; path = ArenaActionsCatalog.swift; sourceTree = "<group>"; };
/* End PBXFileReference section */

/* Begin PBXFrameworksBuildPhase section */
		A10000050000000000000001 /* Frameworks */ = {
			isa = PBXFrameworksBuildPhase;
			buildActionMask = 2147483647;
			files = (
			);
			runOnlyForDeploymentPostprocessing = 0;
		};
/* End PBXFrameworksBuildPhase section */

/* Begin PBXGroup section */
		A10000060000000000000001 = {
			isa = PBXGroup;
			children = (
				A10000070000000000000001 /* ArenaExtension */,
				A10000080000000000000001 /* Products */,
			);
			sourceTree = "<group>";
		};
		A10000070000000000000001 /* ArenaExtension */ = {
			isa = PBXGroup;
			children = (
				A10000220000000000000001 /* ArenaAPIClient.swift */,
				A10000240000000000000001 /* ArenaCatalogSupport.swift */,
				A10000260000000000000001 /* ArenaCatalog.swift */,
				A10000280000000000000001 /* ArenaActionsCatalog.swift */,
				A10000020000000000000001 /* ArenaExtension.swift */,
				A10000030000000000000001 /* Info.plist */,
			);
			sourceTree = "<group>";
		};
		A10000080000000000000001 /* Products */ = {
			isa = PBXGroup;
			children = (
				A10000040000000000000001 /* ArenaExtension.framework */,
			);
			name = Products;
			sourceTree = "<group>";
		};
/* End PBXGroup section */

/* Begin PBXNativeTarget section */
		A10000090000000000000001 /* ArenaExtension */ = {
			isa = PBXNativeTarget;
			buildConfigurationList = A10000100000000000000001 /* Build configuration list for PBXNativeTarget "ArenaExtension" */;
			buildPhases = (
				A10000110000000000000001 /* Sources */,
				A10000050000000000000001 /* Frameworks */,
				A10000120000000000000001 /* Resources */,
			);
			buildRules = (
			);
			dependencies = (
			);
			name = ArenaExtension;
			packageProductDependencies = (
				A10000130000000000000001 /* TunaKit */,
			);
			productName = ArenaExtension;
			productReference = A10000040000000000000001 /* ArenaExtension.framework */;
			productType = "com.apple.product-type.framework";
		};
/* End PBXNativeTarget section */

/* Begin PBXProject section */
		A10000140000000000000001 /* Project object */ = {
			isa = PBXProject;
			attributes = {
				BuildIndependentTargetsInParallel = YES;
				LastUpgradeCheck = 1500;
				TargetAttributes = {
					A10000090000000000000001 = {
						CreatedOnToolsVersion = 15.0;
					};
				};
			};
			buildConfigurationList = A10000150000000000000001 /* Build configuration list for PBXProject "ArenaExtension" */;
			compatibilityVersion = "Xcode 14.0";
			developmentRegion = en;
			hasScannedForEncodings = 0;
			knownRegions = (
				en,
			);
			mainGroup = A10000060000000000000001;
			packageReferences = (
				A10000160000000000000001 /* XCRemoteSwiftPackageReference "TunaKit" */,
			);
			productRefGroup = A10000080000000000000001 /* Products */;
			projectDirPath = "";
			projectRoot = "";
			targets = (
				A10000090000000000000001 /* ArenaExtension */,
			);
		};
/* End PBXProject section */

/* Begin PBXResourcesBuildPhase section */
		A10000120000000000000001 /* Resources */ = {
			isa = PBXResourcesBuildPhase;
			buildActionMask = 2147483647;
			files = (
			);
			runOnlyForDeploymentPostprocessing = 0;
		};
/* End PBXResourcesBuildPhase section */

/* Begin PBXSourcesBuildPhase section */
		A10000110000000000000001 /* Sources */ = {
			isa = PBXSourcesBuildPhase;
			buildActionMask = 2147483647;
			files = (
				A10000210000000000000001 /* ArenaAPIClient.swift in Sources */,
				A10000230000000000000001 /* ArenaCatalogSupport.swift in Sources */,
				A10000250000000000000001 /* ArenaCatalog.swift in Sources */,
				A10000270000000000000001 /* ArenaActionsCatalog.swift in Sources */,
				A10000010000000000000001 /* ArenaExtension.swift in Sources */,
			);
			runOnlyForDeploymentPostprocessing = 0;
		};
/* End PBXSourcesBuildPhase section */

/* Begin XCBuildConfiguration section */
		A10000170000000000000001 /* Debug */ = {
			isa = XCBuildConfiguration;
			buildSettings = {
				ALWAYS_SEARCH_USER_PATHS = NO;
				CLANG_ENABLE_MODULES = YES;
				CODE_SIGN_IDENTITY = "Apple Development";
				CODE_SIGN_STYLE = Automatic;
				DEVELOPMENT_TEAM = DDB8SQMXS9;
				INFOPLIST_FILE = Info.plist;
				LD_RUNPATH_SEARCH_PATHS = (
					"$(inherited)",
					"@loader_path/Frameworks",
				);
				MACOSX_DEPLOYMENT_TARGET = 15.0;
				MTL_ENABLE_DEBUG_INFO = INCLUDE_SOURCE;
				ONLY_ACTIVE_ARCH = YES;
				PRODUCT_BUNDLE_IDENTIFIER = com.brnbw.tuna.plugins.arena;
				PRODUCT_NAME = "$(TARGET_NAME)";
				SKIP_INSTALL = NO;
				SWIFT_ACTIVE_COMPILATION_CONDITIONS = DEBUG;
				SWIFT_OPTIMIZATION_LEVEL = "-Onone";
				SWIFT_VERSION = 5.0;
				TARGETED_DEVICE_FAMILY = 6;
			};
			name = Debug;
		};
		A10000180000000000000001 /* Release */ = {
			isa = XCBuildConfiguration;
			buildSettings = {
				ALWAYS_SEARCH_USER_PATHS = NO;
				CLANG_ENABLE_MODULES = YES;
				CODE_SIGN_IDENTITY = "Apple Development";
				CODE_SIGN_STYLE = Automatic;
				DEVELOPMENT_TEAM = DDB8SQMXS9;
				INFOPLIST_FILE = Info.plist;
				LD_RUNPATH_SEARCH_PATHS = (
					"$(inherited)",
					"@loader_path/Frameworks",
				);
				MACOSX_DEPLOYMENT_TARGET = 15.0;
				MTL_ENABLE_DEBUG_INFO = NO;
				PRODUCT_BUNDLE_IDENTIFIER = com.brnbw.tuna.plugins.arena;
				PRODUCT_NAME = "$(TARGET_NAME)";
				SKIP_INSTALL = NO;
				SWIFT_COMPILATION_MODE = wholemodule;
				SWIFT_OPTIMIZATION_LEVEL = "-O";
				SWIFT_VERSION = 5.0;
				TARGETED_DEVICE_FAMILY = 6;
			};
			name = Release;
		};
		A10000190000000000000001 /* Debug */ = {
			isa = XCBuildConfiguration;
			buildSettings = {
				PRODUCT_NAME = ArenaExtension;
			};
			name = Debug;
		};
		A10000200000000000000001 /* Release */ = {
			isa = XCBuildConfiguration;
			buildSettings = {
				PRODUCT_NAME = ArenaExtension;
			};
			name = Release;
		};
/* End XCBuildConfiguration section */

/* Begin XCConfigurationList section */
		A10000100000000000000001 /* Build configuration list for PBXNativeTarget "ArenaExtension" */ = {
			isa = XCConfigurationList;
			buildConfigurations = (
				A10000170000000000000001 /* Debug */,
				A10000180000000000000001 /* Release */,
			);
			defaultConfigurationIsVisible = 0;
			defaultConfigurationName = Release;
		};
		A10000150000000000000001 /* Build configuration list for PBXProject "ArenaExtension" */ = {
			isa = XCConfigurationList;
			buildConfigurations = (
				A10000190000000000000001 /* Debug */,
				A10000200000000000000001 /* Release */,
			);
			defaultConfigurationIsVisible = 0;
			defaultConfigurationName = Release;
		};
/* End XCConfigurationList section */

/* Begin XCRemoteSwiftPackageReference section */
		A10000160000000000000001 /* XCRemoteSwiftPackageReference "TunaKit" */ = {
			isa = XCRemoteSwiftPackageReference;
			repositoryURL = "https://github.com/tunaformac/TunaKit";
			requirement = {
				kind = upToNextMinorVersion;
				minimumVersion = 1.22.0;
			};
		};
/* End XCRemoteSwiftPackageReference section */

/* Begin XCSwiftPackageProductDependency section */
		A10000130000000000000001 /* TunaKit */ = {
			isa = XCSwiftPackageProductDependency;
			package = A10000160000000000000001 /* XCRemoteSwiftPackageReference "TunaKit" */;
			productName = TunaKit;
		};
/* End XCSwiftPackageProductDependency section */
	};
	rootObject = A10000140000000000000001 /* Project object */;
}
